
Microsoft Visual Studio Solution File, Format Version 12.00
# Visual Studio Version 16
VisualStudioVersion = 16.0.31410.357
MinimumVisualStudioVersion = 10.0.40219.1
Project("{FAE04EC0-301F-11D3-BF4B-00C04F79EFBC}") = "TaskProject", "TaskProject.csproj", "{33DBDD0F-56D1-48D8-A14A-19078B2C0649}"
EndProject
Global
	GlobalSection(SolutionConfigurationPlatforms) = preSolution
		Debug|Any CPU = Debug|Any CPU
		Release|Any CPU = Release|Any CPU
	EndGlobalSection
	GlobalSection(ProjectConfigurationPlatforms) = postSolution
		{33DBDD0F-56D1-48D8-A14A-19078B2C0649}.Debug|Any CPU.ActiveCfg = Debug|Any CPU
		{33DBDD0F-56D1-48D8-A14A-19078B2C0649}.Debug|Any CPU.Build.0 = Debug|Any CPU
		{33DBDD0F-56D1-48D8-A14A-19078B2C0649}.Release|Any CPU.ActiveCfg = Release|Any CPU
		{33DBDD0F-56D1-48D8-A14A-19078B2C0649}.Release|Any CPU.Build.0 = Release|Any CPU
	EndGlobalSection
	GlobalSection(SolutionProperties) = preSolution
		HideSolutionNode = FALSE
	EndGlobalSection
	GlobalSection(ExtensibilityGlobals) = postSolution
		SolutionGuid = {50EDDD1F-214F-4659-A52F-375308865FD2}
	EndGlobalSection
EndGlobal
